{
  "name": "ak-dev-node",
  "version": "0.0.1",
  "lockfileVersion": 1,
  "requires": true,
  "dependencies": {
    "@types/graphql": {
      "version": "0.12.6",
      "resolved": "http://registry.npm.taobao.org/@types/graphql/download/@types/graphql-0.12.6.tgz",
      "integrity": "sha1-PWGRmFhfyr5fThrftc9fM4jGbBM=",
      "dev": true
    },
    "@types/handlebars": {
      "version": "4.0.36",
      "resolved": "http://registry.npm.taobao.org/@types/handlebars/download/@types/handlebars-4.0.36.tgz",
      "integrity": "sha1-/1fHf6GrZxO7RGU03cTZeXB6Onk=",
      "dev": true
    },
    "@types/prettier": {
      "version": "1.10.0",
      "resolved": "http://registry.npm.taobao.org/@types/prettier/download/@types/prettier-1.10.0.tgz",
      "integrity": "sha1-Wr8ewKbpBP4kkMwgaPNqOOSmPEI=",
      "dev": true
    },
    "ajv": {
      "version": "5.5.2",
      "resolved": "http://registry.npm.taobao.org/ajv/download/ajv-5.5.2.tgz",
      "integrity": "sha1-c7Xuyj+rZT49P5Qis0GtQiBdyWU=",
      "dev": true,
      "requires": {
        "co": "^4.6.0",
        "fast-deep-equal": "^1.0.0",
        "fast-json-stable-stringify": "^2.0.0",
        "json-schema-traverse": "^0.3.0"
      }
    },
    "align-text": {
      "version": "0.1.4",
      "resolved": "http://registry.npm.taobao.org/align-text/download/align-text-0.1.4.tgz",
      "integrity": "sha1-DNkKVhCT810KmSVsIrcGlDP60Rc=",
      "dev": true,
      "requires": {
        "kind-of": "^3.0.2",
        "longest": "^1.0.1",
        "repeat-string": "^1.5.2"
      }
    },
    "amdefine": {
      "version": "1.0.1",
      "resolved": "http://registry.npm.taobao.org/amdefine/download/amdefine-1.0.1.tgz",
      "integrity": "sha1-SlKCrBZHKek2Gbz9OtFR+BfOkfU=",
      "dev": true
    },
    "ansi-styles": {
      "version": "3.2.1",
      "resolved": "http://registry.npm.taobao.org/ansi-styles/download/ansi-styles-3.2.1.tgz",
      "integrity": "sha1-QfuyAkPlCxK+DwS43tvwdSDOhB0=",
      "dev": true,
      "requires": {
        "color-convert": "^1.9.0"
      }
    },
    "apollo-link": {
      "version": "1.2.2",
      "resolved": "http://registry.npm.taobao.org/apollo-link/download/apollo-link-1.2.2.tgz",
      "integrity": "sha1-VMhBmbGKwa+NY1U6aMo4nAUhegM=",
      "dev": true,
      "requires": {
        "@types/graphql": "0.12.6",
        "apollo-utilities": "^1.0.0",
        "zen-observable-ts": "^0.8.9"
      }
    },
    "apollo-utilities": {
      "version": "1.0.11",
      "resolved": "http://registry.npm.taobao.org/apollo-utilities/download/apollo-utilities-1.0.11.tgz",
      "integrity": "sha1-zTa/puXATuosrwwgSg84oK1VCAI=",
      "dev": true
    },
    "arrify": {
      "version": "1.0.1",
      "resolved": "http://registry.npm.taobao.org/arrify/download/arrify-1.0.1.tgz",
      "integrity": "sha1-iYUI2iIm84DfkEcoRWhJwVAaSw0=",
      "dev": true
    },
    "asn1": {
      "version": "0.2.3",
      "resolved": "http://registry.npm.taobao.org/asn1/download/asn1-0.2.3.tgz",
      "integrity": "sha1-2sh4dxPJlmhJ/IGAd36+nB3fO4Y=",
      "dev": true
    },
    "assert-plus": {
      "version": "1.0.0",
      "resolved": "http://registry.npm.taobao.org/assert-plus/download/assert-plus-1.0.0.tgz",
      "integrity": "sha1-8S4PPF13sLHN2RRpQuTpbB5N1SU=",
      "dev": true
    },
    "async": {
      "version": "1.5.2",
      "resolved": "http://registry.npm.taobao.org/async/download/async-1.5.2.tgz",
      "integrity": "sha1-7GphrlZIDAw8skHJVhjiCJL5Zyo=",
      "dev": true
    },
    "asynckit": {
      "version": "0.4.0",
      "resolved": "http://registry.npm.taobao.org/asynckit/download/asynckit-0.4.0.tgz",
      "integrity": "sha1-x57Zf380y48robyXkLzDZkdLS3k=",
      "dev": true
    },
    "aws-sign2": {
      "version": "0.7.0",
      "resolved": "http://registry.npm.taobao.org/aws-sign2/download/aws-sign2-0.7.0.tgz",
      "integrity": "sha1-tG6JCTSpWR8tL2+G1+ap8bP+dqg=",
      "dev": true
    },
    "aws4": {
      "version": "1.7.0",
      "resolved": "http://registry.npm.taobao.org/aws4/download/aws4-1.7.0.tgz",
      "integrity": "sha1-1NDpudv8p3vwjusKikcVUP454ok=",
      "dev": true
    },
    "babel-runtime": {
      "version": "6.26.0",
      "resolved": "http://registry.npm.taobao.org/babel-runtime/download/babel-runtime-6.26.0.tgz",
      "integrity": "sha1-llxwWGaOgrVde/4E/yM3vItWR/4=",
      "dev": true,
      "requires": {
        "core-js": "^2.4.0",
        "regenerator-runtime": "^0.11.0"
      }
    },
    "balanced-match": {
      "version": "1.0.0",
      "resolved": "http://registry.npm.taobao.org/balanced-match/download/balanced-match-1.0.0.tgz",
      "integrity": "sha1-ibTRmasr7kneFk6gK4nORi1xt2c=",
      "dev": true
    },
    "bcrypt-pbkdf": {
      "version": "1.0.1",
      "resolved": "http://registry.npm.taobao.org/bcrypt-pbkdf/download/bcrypt-pbkdf-1.0.1.tgz",
      "integrity": "sha1-Y7xdy2EzG5K8Bf1SiVPDNGKgb40=",
      "dev": true,
      "optional": true,
      "requires": {
        "tweetnacl": "^0.14.3"
      }
    },
    "boom": {
      "version": "4.3.1",
      "resolved": "http://registry.npm.taobao.org/boom/download/boom-4.3.1.tgz",
      "integrity": "sha1-T4owBctKfjiJ90kDD9JbluAdLjE=",
      "dev": true,
      "requires": {
        "hoek": "4.x.x"
      }
    },
    "brace-expansion": {
      "version": "1.1.11",
      "resolved": "http://registry.npm.taobao.org/brace-expansion/download/brace-expansion-1.1.11.tgz",
      "integrity": "sha1-PH/L9SnYcibz0vUrlm/1Jx60Qd0=",
      "dev": true,
      "requires": {
        "balanced-match": "^1.0.0",
        "concat-map": "0.0.1"
      }
    },
    "buffer-from": {
      "version": "1.0.0",
      "resolved": "http://registry.npm.taobao.org/buffer-from/download/buffer-from-1.0.0.tgz",
      "integrity": "sha1-TLiDLSNhJYmwQG6eKVbBfwb99TE=",
      "dev": true
    },
    "camel-case": {
      "version": "3.0.0",
      "resolved": "http://registry.npm.taobao.org/camel-case/download/camel-case-3.0.0.tgz",
      "integrity": "sha1-yjw2iKTpzzpM2nd9xNy8cTJJz3M=",
      "dev": true,
      "requires": {
        "no-case": "^2.2.0",
        "upper-case": "^1.1.1"
      }
    },
    "camelcase": {
      "version": "1.2.1",
      "resolved": "http://registry.npm.taobao.org/camelcase/download/camelcase-1.2.1.tgz",
      "integrity": "sha1-m7UwTS4LVmmLLHWLCKPqqdqlijk=",
      "dev": true,
      "optional": true
    },
    "caseless": {
      "version": "0.12.0",
      "resolved": "http://registry.npm.taobao.org/caseless/download/caseless-0.12.0.tgz",
      "integrity": "sha1-G2gcIf+EAzyCZUMJBolCDRhxUdw=",
      "dev": true
    },
    "center-align": {
      "version": "0.1.3",
      "resolved": "http://registry.npm.taobao.org/center-align/download/center-align-0.1.3.tgz",
      "integrity": "sha1-qg0yYptu6XIgBBHL1EYckHvCt60=",
      "dev": true,
      "optional": true,
      "requires": {
        "align-text": "^0.1.3",
        "lazy-cache": "^1.0.3"
      }
    },
    "chalk": {
      "version": "2.4.1",
      "resolved": "http://registry.npm.taobao.org/chalk/download/chalk-2.4.1.tgz",
      "integrity": "sha1-GMSasWoDe26wFSzIPjRxM4IVtm4=",
      "dev": true,
      "requires": {
        "ansi-styles": "^3.2.1",
        "escape-string-regexp": "^1.0.5",
        "supports-color": "^5.3.0"
      }
    },
    "change-case": {
      "version": "3.0.2",
      "resolved": "http://registry.npm.taobao.org/change-case/download/change-case-3.0.2.tgz",
      "integrity": "sha1-/Uh0bM4C8D8KZyV30dOo3C7OsDc=",
      "dev": true,
      "requires": {
        "camel-case": "^3.0.0",
        "constant-case": "^2.0.0",
        "dot-case": "^2.1.0",
        "header-case": "^1.0.0",
        "is-lower-case": "^1.1.0",
        "is-upper-case": "^1.1.0",
        "lower-case": "^1.1.1",
        "lower-case-first": "^1.0.0",
        "no-case": "^2.3.2",
        "param-case": "^2.1.0",
        "pascal-case": "^2.0.0",
        "path-case": "^2.1.0",
        "sentence-case": "^2.1.0",
        "snake-case": "^2.1.0",
        "swap-case": "^1.1.0",
        "title-case": "^2.1.0",
        "upper-case": "^1.1.1",
        "upper-case-first": "^1.1.0"
      }
    },
    "cliui": {
      "version": "2.1.0",
      "resolved": "http://registry.npm.taobao.org/cliui/download/cliui-2.1.0.tgz",
      "integrity": "sha1-S0dXYP+AJkx2LDoXGQMukcf+oNE=",
      "dev": true,
      "optional": true,
      "requires": {
        "center-align": "^0.1.1",
        "right-align": "^0.1.1",
        "wordwrap": "0.0.2"
      },
      "dependencies": {
        "wordwrap": {
          "version": "0.0.2",
          "resolved": "http://registry.npm.taobao.org/wordwrap/download/wordwrap-0.0.2.tgz",
          "integrity": "sha1-t5Zpu0LstAn4PVg8rVLKF+qhZD8=",
          "dev": true,
          "optional": true
        }
      }
    },
    "co": {
      "version": "4.6.0",
      "resolved": "http://registry.npm.taobao.org/co/download/co-4.6.0.tgz",
      "integrity": "sha1-bqa989hTrlTMuOR7+gvz+QMfsYQ=",
      "dev": true
    },
    "color-convert": {
      "version": "1.9.1",
      "resolved": "http://registry.npm.taobao.org/color-convert/download/color-convert-1.9.1.tgz",
      "integrity": "sha1-wSYRB66y8pTr/+ye2eytUppgl+0=",
      "dev": true,
      "requires": {
        "color-name": "^1.1.1"
      }
    },
    "color-name": {
      "version": "1.1.3",
      "resolved": "http://registry.npm.taobao.org/color-name/download/color-name-1.1.3.tgz",
      "integrity": "sha1-p9BVi9icQveV3UIyj3QIMcpTvCU=",
      "dev": true
    },
    "combined-stream": {
      "version": "1.0.6",
      "resolved": "http://registry.npm.taobao.org/combined-stream/download/combined-stream-1.0.6.tgz",
      "integrity": "sha1-cj599ugBrFYTETp+RFqbactjKBg=",
      "dev": true,
      "requires": {
        "delayed-stream": "~1.0.0"
      }
    },
    "commander": {
      "version": "2.15.0",
      "resolved": "http://registry.npm.taobao.org/commander/download/commander-2.15.0.tgz",
      "integrity": "sha1-rSojocOwNuOSRpuAEs7GsztMEyI=",
      "dev": true
    },
    "common-tags": {
      "version": "1.7.2",
      "resolved": "http://registry.npm.taobao.org/common-tags/download/common-tags-1.7.2.tgz",
      "integrity": "sha1-JNl2jGPSU6Vuz/k4RbRLTfHVJ3E=",
      "dev": true,
      "requires": {
        "babel-runtime": "^6.26.0"
      }
    },
    "concat-map": {
      "version": "0.0.1",
      "resolved": "http://registry.npm.taobao.org/concat-map/download/concat-map-0.0.1.tgz",
      "integrity": "sha1-2Klr13/Wjfd5OnMDajug1UBdR3s=",
      "dev": true
    },
    "constant-case": {
      "version": "2.0.0",
      "resolved": "http://registry.npm.taobao.org/constant-case/download/constant-case-2.0.0.tgz",
      "integrity": "sha1-QXV2TTidP6nI7NKRhu1gBSQ7akY=",
      "dev": true,
      "requires": {
        "snake-case": "^2.1.0",
        "upper-case": "^1.1.1"
      }
    },
    "core-js": {
      "version": "2.5.5",
      "resolved": "http://registry.npm.taobao.org/core-js/download/core-js-2.5.5.tgz",
      "integrity": "sha1-sU3ek2xkDAV5prUMq8wTLdYSfjs=",
      "dev": true
    },
    "core-util-is": {
      "version": "1.0.2",
      "resolved": "http://registry.npm.taobao.org/core-util-is/download/core-util-is-1.0.2.tgz",
      "integrity": "sha1-tf1UIgqivFq1eqtxQMlAdUUDwac=",
      "dev": true
    },
    "cryptiles": {
      "version": "3.1.2",
      "resolved": "http://registry.npm.taobao.org/cryptiles/download/cryptiles-3.1.2.tgz",
      "integrity": "sha1-qJ+7Ig9c4l7FboxKqKT9e1sNKf4=",
      "dev": true,
      "requires": {
        "boom": "5.x.x"
      },
      "dependencies": {
        "boom": {
          "version": "5.2.0",
          "resolved": "http://registry.npm.taobao.org/boom/download/boom-5.2.0.tgz",
          "integrity": "sha1-XdnabuOl8wIHdDYpDLcX0/SlTgI=",
          "dev": true,
          "requires": {
            "hoek": "4.x.x"
          }
        }
      }
    },
    "dashdash": {
      "version": "1.14.1",
      "resolved": "http://registry.npm.taobao.org/dashdash/download/dashdash-1.14.1.tgz",
      "integrity": "sha1-hTz6D3y+L+1d4gMmuN1YEDX24vA=",
      "dev": true,
      "requires": {
        "assert-plus": "^1.0.0"
      }
    },
    "decamelize": {
      "version": "1.2.0",
      "resolved": "http://registry.npm.taobao.org/decamelize/download/decamelize-1.2.0.tgz",
      "integrity": "sha1-9lNNFRSCabIDUue+4m9QH5oZEpA=",
      "dev": true,
      "optional": true
    },
    "define-property": {
      "version": "0.2.5",
      "resolved": "http://registry.npm.taobao.org/define-property/download/define-property-0.2.5.tgz",
      "integrity": "sha1-w1se+RjsPJkPmlvFe+BKrOxcgRY=",
      "dev": true,
      "requires": {
        "is-descriptor": "^0.1.0"
      }
    },
    "delayed-stream": {
      "version": "1.0.0",
      "resolved": "http://registry.npm.taobao.org/delayed-stream/download/delayed-stream-1.0.0.tgz",
      "integrity": "sha1-3zrhmayt+31ECqrgsp4icrJOxhk=",
      "dev": true
    },
    "deprecated-decorator": {
      "version": "0.1.6",
      "resolved": "http://registry.npm.taobao.org/deprecated-decorator/download/deprecated-decorator-0.1.6.tgz",
      "integrity": "sha1-AJZjF7ehL+kvPMgx91g68ym4bDc=",
      "dev": true
    },
    "diff": {
      "version": "3.5.0",
      "resolved": "http://registry.npm.taobao.org/diff/download/diff-3.5.0.tgz",
      "integrity": "sha1-gAwN0eCov7yVg1wgKtIg/jF+WhI=",
      "dev": true
    },
    "dot-case": {
      "version": "2.1.1",
      "resolved": "http://registry.npm.taobao.org/dot-case/download/dot-case-2.1.1.tgz",
      "integrity": "sha1-NNzzf1Co6TwrO8qLt/uRVcfaO+4=",
      "dev": true,
      "requires": {
        "no-case": "^2.2.0"
      }
    },
    "ecc-jsbn": {
      "version": "0.1.1",
      "resolved": "http://registry.npm.taobao.org/ecc-jsbn/download/ecc-jsbn-0.1.1.tgz",
      "integrity": "sha1-D8c6ntXw1Tw4GTOYUj735UN3dQU=",
      "dev": true,
      "optional": true,
      "requires": {
        "jsbn": "~0.1.0"
      }
    },
    "escape-string-regexp": {
      "version": "1.0.5",
      "resolved": "http://registry.npm.taobao.org/escape-string-regexp/download/escape-string-regexp-1.0.5.tgz",
      "integrity": "sha1-G2HAViGQqN/2rjuyzwIAyhMLhtQ=",
      "dev": true
    },
    "esprima": {
      "version": "2.7.3",
      "resolved": "http://registry.npm.taobao.org/esprima/download/esprima-2.7.3.tgz",
      "integrity": "sha1-luO3DVd59q1JzQMmc9HDEnZ7pYE=",
      "dev": true
    },
    "esprima-extract-comments": {
      "version": "0.2.1",
      "resolved": "http://registry.npm.taobao.org/esprima-extract-comments/download/esprima-extract-comments-0.2.1.tgz",
      "integrity": "sha1-kBjY3zf/2V3WFQFajF8Ede10NCM=",
      "dev": true,
      "requires": {
        "esprima": "^2.7.1"
      }
    },
    "extend": {
      "version": "3.0.1",
      "resolved": "http://registry.npm.taobao.org/extend/download/extend-3.0.1.tgz",
      "integrity": "sha1-p1Xqe8Gt/MWjHOfnYtuq3F5jZEQ=",
      "dev": true
    },
    "extend-shallow": {
      "version": "2.0.1",
      "resolved": "http://registry.npm.taobao.org/extend-shallow/download/extend-shallow-2.0.1.tgz",
      "integrity": "sha1-Ua99YUrZqfYQ6huvu5idaxxWiQ8=",
      "dev": true,
      "requires": {
        "is-extendable": "^0.1.0"
      }
    },
    "extract-comments": {
      "version": "0.10.1",
      "resolved": "http://registry.npm.taobao.org/extract-comments/download/extract-comments-0.10.1.tgz",
      "integrity": "sha1-i2AxgIovX94c1nv4MXuRggQwRAg=",
      "dev": true,
      "requires": {
        "define-property": "^0.2.5",
        "esprima-extract-comments": "^0.2.1",
        "extend-shallow": "^2.0.1",
        "parse-code-context": "^0.2.1"
      }
    },
    "extsprintf": {
      "version": "1.3.0",
      "resolved": "http://registry.npm.taobao.org/extsprintf/download/extsprintf-1.3.0.tgz",
      "integrity": "sha1-lpGEQOMEGnpBT4xS48V06zw+HgU=",
      "dev": true
    },
    "fast-deep-equal": {
      "version": "1.1.0",
      "resolved": "http://registry.npm.taobao.org/fast-deep-equal/download/fast-deep-equal-1.1.0.tgz",
      "integrity": "sha1-wFNHeBfIa1HaqFPIHgWbcz0CNhQ=",
      "dev": true
    },
    "fast-json-stable-stringify": {
      "version": "2.0.0",
      "resolved": "http://registry.npm.taobao.org/fast-json-stable-stringify/download/fast-json-stable-stringify-2.0.0.tgz",
      "integrity": "sha1-1RQsDK7msRifh9OnYREGT4bIu/I=",
      "dev": true
    },
    "forever-agent": {
      "version": "0.6.1",
      "resolved": "http://registry.npm.taobao.org/forever-agent/download/forever-agent-0.6.1.tgz",
      "integrity": "sha1-+8cfDEGt6zf5bFd60e1C2P2sypE=",
      "dev": true
    },
    "form-data": {
      "version": "2.3.2",
      "resolved": "http://registry.npm.taobao.org/form-data/download/form-data-2.3.2.tgz",
      "integrity": "sha1-SXBJi+YEwgwAXU9cI67NIda0kJk=",
      "dev": true,
      "requires": {
        "asynckit": "^0.4.0",
        "combined-stream": "1.0.6",
        "mime-types": "^2.1.12"
      }
    },
    "fs-extra": {
      "version": "5.0.0",
      "resolved": "http://registry.npm.taobao.org/fs-extra/download/fs-extra-5.0.0.tgz",
      "integrity": "sha1-QU0BEM3QZwVzTQVWUsVBEmDDGr0=",
      "requires": {
        "graceful-fs": "^4.1.2",
        "jsonfile": "^4.0.0",
        "universalify": "^0.1.0"
      }
    },
    "fs.realpath": {
      "version": "1.0.0",
      "resolved": "http://registry.npm.taobao.org/fs.realpath/download/fs.realpath-1.0.0.tgz",
      "integrity": "sha1-FQStJSMVjKpA20onh8sBQRmU6k8=",
      "dev": true
    },
    "getpass": {
      "version": "0.1.7",
      "resolved": "http://registry.npm.taobao.org/getpass/download/getpass-0.1.7.tgz",
      "integrity": "sha1-Xv+OPmhNVprkyysSgmBOi6YhSfo=",
      "dev": true,
      "requires": {
        "assert-plus": "^1.0.0"
      }
    },
    "glob": {
      "version": "7.1.2",
      "resolved": "http://registry.npm.taobao.org/glob/download/glob-7.1.2.tgz",
      "integrity": "sha1-wZyd+aAocC1nhhI4SmVSQExjbRU=",
      "dev": true,
      "requires": {
        "fs.realpath": "^1.0.0",
        "inflight": "^1.0.4",
        "inherits": "2",
        "minimatch": "^3.0.4",
        "once": "^1.3.0",
        "path-is-absolute": "^1.0.0"
      }
    },
    "graceful-fs": {
      "version": "4.1.11",
      "resolved": "http://registry.npm.taobao.org/graceful-fs/download/graceful-fs-4.1.11.tgz",
      "integrity": "sha1-Dovf5NHduIVNZOBOp8AOKgJuVlg="
    },
    "graphql": {
      "version": "0.13.2",
      "resolved": "http://registry.npm.taobao.org/graphql/download/graphql-0.13.2.tgz",
      "integrity": "sha1-THQK48Iigj5wBAlvgy57k7IQgnA=",
      "dev": true,
      "requires": {
        "iterall": "^1.2.1"
      }
    },
    "graphql-code-generator": {
      "version": "0.8.21",
      "resolved": "http://registry.npm.taobao.org/graphql-code-generator/download/graphql-code-generator-0.8.21.tgz",
      "integrity": "sha1-Nky5foI4MrI0jwv+3rlM5U/mRrE=",
      "dev": true,
      "requires": {
        "@types/prettier": "1.10.0",
        "commander": "2.15.0",
        "glob": "7.1.2",
        "graphql-codegen-compiler": "0.8.21",
        "graphql-codegen-core": "0.8.21",
        "graphql-codegen-generators": "0.8.21",
        "mkdirp": "0.5.1",
        "prettier": "1.11.1",
        "request": "2.85.0",
        "strip-comments": "0.4.4"
      }
    },
    "graphql-codegen-compiler": {
      "version": "0.8.21",
      "resolved": "http://registry.npm.taobao.org/graphql-codegen-compiler/download/graphql-codegen-compiler-0.8.21.tgz",
      "integrity": "sha1-VscWq7dufDBcX1C0aYy2xqL8g48=",
      "dev": true,
      "requires": {
        "@types/handlebars": "4.0.36",
        "change-case": "3.0.2",
        "common-tags": "1.7.2",
        "graphql-codegen-core": "0.8.21",
        "graphql-codegen-generators": "0.8.21",
        "handlebars": "4.0.11",
        "moment": "2.21.0"
      }
    },
    "graphql-codegen-core": {
      "version": "0.8.21",
      "resolved": "http://registry.npm.taobao.org/graphql-codegen-core/download/graphql-codegen-core-0.8.21.tgz",
      "integrity": "sha1-Cknq4nTFXvP7iC2eGJz1oVLvLu0=",
      "dev": true,
      "requires": {
        "graphql-tag": "2.8.0",
        "graphql-tools": "2.23.1"
      }
    },
    "graphql-codegen-generators": {
      "version": "0.8.21",
      "resolved": "http://registry.npm.taobao.org/graphql-codegen-generators/download/graphql-codegen-generators-0.8.21.tgz",
      "integrity": "sha1-ZG8dyVw0N8tMoDZedygtDq1WXO4=",
      "dev": true
    },
    "graphql-tag": {
      "version": "2.8.0",
      "resolved": "http://registry.npm.taobao.org/graphql-tag/download/graphql-tag-2.8.0.tgz",
      "integrity": "sha1-Us3qB6hCFU7BGi6EDBG5d/m4Nc4=",
      "dev": true
    },
    "graphql-tools": {
      "version": "2.23.1",
      "resolved": "http://registry.npm.taobao.org/graphql-tools/download/graphql-tools-2.23.1.tgz",
      "integrity": "sha1-I/QwAOK53FqJkg/oRvxfcaMg79s=",
      "dev": true,
      "requires": {
        "apollo-link": "^1.2.1",
        "apollo-utilities": "^1.0.1",
        "deprecated-decorator": "^0.1.6",
        "iterall": "^1.1.3",
        "uuid": "^3.1.0"
      }
    },
    "handlebars": {
      "version": "4.0.11",
      "resolved": "http://registry.npm.taobao.org/handlebars/download/handlebars-4.0.11.tgz",
      "integrity": "sha1-Ywo13+ApS8KB7a5v/F0yn8eYLcw=",
      "dev": true,
      "requires": {
        "async": "^1.4.0",
        "optimist": "^0.6.1",
        "source-map": "^0.4.4",
        "uglify-js": "^2.6"
      },
      "dependencies": {
        "source-map": {
          "version": "0.4.4",
          "resolved": "http://registry.npm.taobao.org/source-map/download/source-map-0.4.4.tgz",
          "integrity": "sha1-66T12pwNyZneaAMti092FzZSA2s=",
          "dev": true,
          "requires": {
            "amdefine": ">=0.0.4"
          }
        }
      }
    },
    "har-schema": {
      "version": "2.0.0",
      "resolved": "http://registry.npm.taobao.org/har-schema/download/har-schema-2.0.0.tgz",
      "integrity": "sha1-qUwiJOvKwEeCoNkDVSHyRzW37JI=",
      "dev": true
    },
    "har-validator": {
      "version": "5.0.3",
      "resolved": "http://registry.npm.taobao.org/har-validator/download/har-validator-5.0.3.tgz",
      "integrity": "sha1-ukAsJmGU8VlW7xXg/PJCmT9qff0=",
      "dev": true,
      "requires": {
        "ajv": "^5.1.0",
        "har-schema": "^2.0.0"
      }
    },
    "has-flag": {
      "version": "3.0.0",
      "resolved": "http://registry.npm.taobao.org/has-flag/download/has-flag-3.0.0.tgz",
      "integrity": "sha1-tdRU3CGZriJWmfNGfloH87lVuv0=",
      "dev": true
    },
    "hawk": {
      "version": "6.0.2",
      "resolved": "http://registry.npm.taobao.org/hawk/download/hawk-6.0.2.tgz",
      "integrity": "sha1-r02RTrBl+bXOTZ0RwcshJu7MMDg=",
      "dev": true,
      "requires": {
        "boom": "4.x.x",
        "cryptiles": "3.x.x",
        "hoek": "4.x.x",
        "sntp": "2.x.x"
      }
    },
    "header-case": {
      "version": "1.0.1",
      "resolved": "http://registry.npm.taobao.org/header-case/download/header-case-1.0.1.tgz",
      "integrity": "sha1-lTWXMZfBRLCWE81l0xfvGZY70C0=",
      "dev": true,
      "requires": {
        "no-case": "^2.2.0",
        "upper-case": "^1.1.3"
      }
    },
    "hoek": {
      "version": "4.2.1",
      "resolved": "http://registry.npm.taobao.org/hoek/download/hoek-4.2.1.tgz",
      "integrity": "sha1-ljRQKqEsRF3Vp8VzS1cruHOKrLs=",
      "dev": true
    },
    "http-signature": {
      "version": "1.2.0",
      "resolved": "http://registry.npm.taobao.org/http-signature/download/http-signature-1.2.0.tgz",
      "integrity": "sha1-muzZJRFHcvPZW2WmCruPfBj7rOE=",
      "dev": true,
      "requires": {
        "assert-plus": "^1.0.0",
        "jsprim": "^1.2.2",
        "sshpk": "^1.7.0"
      }
    },
    "inflight": {
      "version": "1.0.6",
      "resolved": "http://registry.npm.taobao.org/inflight/download/inflight-1.0.6.tgz",
      "integrity": "sha1-Sb1jMdfQLQwJvJEKEHW6gWW1bfk=",
      "dev": true,
      "requires": {
        "once": "^1.3.0",
        "wrappy": "1"
      }
    },
    "inherits": {
      "version": "2.0.3",
      "resolved": "http://registry.npm.taobao.org/inherits/download/inherits-2.0.3.tgz",
      "integrity": "sha1-Yzwsg+PaQqUC9SRmAiSA9CCCYd4=",
      "dev": true
    },
    "is-accessor-descriptor": {
      "version": "0.1.6",
      "resolved": "http://registry.npm.taobao.org/is-accessor-descriptor/download/is-accessor-descriptor-0.1.6.tgz",
      "integrity": "sha1-qeEss66Nh2cn7u84Q/igiXtcmNY=",
      "dev": true,
      "requires": {
        "kind-of": "^3.0.2"
      }
    },
    "is-buffer": {
      "version": "1.1.6",
      "resolved": "http://registry.npm.taobao.org/is-buffer/download/is-buffer-1.1.6.tgz",
      "integrity": "sha1-76ouqdqg16suoTqXsritUf776L4=",
      "dev": true
    },
    "is-data-descriptor": {
      "version": "0.1.4",
      "resolved": "http://registry.npm.taobao.org/is-data-descriptor/download/is-data-descriptor-0.1.4.tgz",
      "integrity": "sha1-C17mSDiOLIYCgueT8YVv7D8wG1Y=",
      "dev": true,
      "requires": {
        "kind-of": "^3.0.2"
      }
    },
    "is-descriptor": {
      "version": "0.1.6",
      "resolved": "http://registry.npm.taobao.org/is-descriptor/download/is-descriptor-0.1.6.tgz",
      "integrity": "sha1-Nm2CQN3kh8pRgjsaufB6EKeCUco=",
      "dev": true,
      "requires": {
        "is-accessor-descriptor": "^0.1.6",
        "is-data-descriptor": "^0.1.4",
        "kind-of": "^5.0.0"
      },
      "dependencies": {
        "kind-of": {
          "version": "5.1.0",
          "resolved": "http://registry.npm.taobao.org/kind-of/download/kind-of-5.1.0.tgz",
          "integrity": "sha1-cpyR4thXt6QZofmqZWhcTDP1hF0=",
          "dev": true
        }
      }
    },
    "is-extendable": {
      "version": "0.1.1",
      "resolved": "http://registry.npm.taobao.org/is-extendable/download/is-extendable-0.1.1.tgz",
      "integrity": "sha1-YrEQ4omkcUGOPsNqYX1HLjAd/Ik=",
      "dev": true
    },
    "is-lower-case": {
      "version": "1.1.3",
      "resolved": "http://registry.npm.taobao.org/is-lower-case/download/is-lower-case-1.1.3.tgz",
      "integrity": "sha1-fhR75HaNxGbbO/shzGCzHmrWk5M=",
      "dev": true,
      "requires": {
        "lower-case": "^1.1.0"
      }
    },
    "is-typedarray": {
      "version": "1.0.0",
      "resolved": "http://registry.npm.taobao.org/is-typedarray/download/is-typedarray-1.0.0.tgz",
      "integrity": "sha1-5HnICFjfDBsR3dppQPlgEfzaSpo=",
      "dev": true
    },
    "is-upper-case": {
      "version": "1.1.2",
      "resolved": "http://registry.npm.taobao.org/is-upper-case/download/is-upper-case-1.1.2.tgz",
      "integrity": "sha1-jQsfp+eTOh5YSDYA7H2WYcuvdW8=",
      "dev": true,
      "requires": {
        "upper-case": "^1.1.0"
      }
    },
    "isstream": {
      "version": "0.1.2",
      "resolved": "http://registry.npm.taobao.org/isstream/download/isstream-0.1.2.tgz",
      "integrity": "sha1-R+Y/evVa+m+S4VAOaQ64uFKcCZo=",
      "dev": true
    },
    "iterall": {
      "version": "1.2.2",
      "resolved": "http://registry.npm.taobao.org/iterall/download/iterall-1.2.2.tgz",
      "integrity": "sha1-ktcN64Ao4MOf8xZP2/TYsIgTDNc=",
      "dev": true
    },
    "jsbn": {
      "version": "0.1.1",
      "resolved": "http://registry.npm.taobao.org/jsbn/download/jsbn-0.1.1.tgz",
      "integrity": "sha1-peZUwuWi3rXyAdls77yoDA7y9RM=",
      "dev": true,
      "optional": true
    },
    "json-schema": {
      "version": "0.2.3",
      "resolved": "http://registry.npm.taobao.org/json-schema/download/json-schema-0.2.3.tgz",
      "integrity": "sha1-tIDIkuWaLwWVTOcnvT8qTogvnhM=",
      "dev": true
    },
    "json-schema-traverse": {
      "version": "0.3.1",
      "resolved": "http://registry.npm.taobao.org/json-schema-traverse/download/json-schema-traverse-0.3.1.tgz",
      "integrity": "sha1-NJptRMU6Ud6JtAgFxdXlm0F9M0A=",
      "dev": true
    },
    "json-stringify-safe": {
      "version": "5.0.1",
      "resolved": "http://registry.npm.taobao.org/json-stringify-safe/download/json-stringify-safe-5.0.1.tgz",
      "integrity": "sha1-Epai1Y/UXxmg9s4B1lcB4sc1tus=",
      "dev": true
    },
    "jsonfile": {
      "version": "4.0.0",
      "resolved": "http://registry.npm.taobao.org/jsonfile/download/jsonfile-4.0.0.tgz",
      "integrity": "sha1-h3Gq4HmbZAdrdmQPygWPnBDjPss=",
      "requires": {
        "graceful-fs": "^4.1.6"
      }
    },
    "jsprim": {
      "version": "1.4.1",
      "resolved": "http://registry.npm.taobao.org/jsprim/download/jsprim-1.4.1.tgz",
      "integrity": "sha1-MT5mvB5cwG5Di8G3SZwuXFastqI=",
      "dev": true,
      "requires": {
        "assert-plus": "1.0.0",
        "extsprintf": "1.3.0",
        "json-schema": "0.2.3",
        "verror": "1.10.0"
      }
    },
    "kind-of": {
      "version": "3.2.2",
      "resolved": "http://registry.npm.taobao.org/kind-of/download/kind-of-3.2.2.tgz",
      "integrity": "sha1-MeohpzS6ubuw8yRm2JOupR5KPGQ=",
      "dev": true,
      "requires": {
        "is-buffer": "^1.1.5"
      }
    },
    "lazy-cache": {
      "version": "1.0.4",
      "resolved": "http://registry.npm.taobao.org/lazy-cache/download/lazy-cache-1.0.4.tgz",
      "integrity": "sha1-odePw6UEdMuAhF07O24dpJpEbo4=",
      "dev": true,
      "optional": true
    },
    "longest": {
      "version": "1.0.1",
      "resolved": "http://registry.npm.taobao.org/longest/download/longest-1.0.1.tgz",
      "integrity": "sha1-MKCy2jj3N3DoKUoNIuZiXtd9AJc=",
      "dev": true
    },
    "lower-case": {
      "version": "1.1.4",
      "resolved": "http://registry.npm.taobao.org/lower-case/download/lower-case-1.1.4.tgz",
      "integrity": "sha1-miyr0bno4K6ZOkv31YdcOcQujqw=",
      "dev": true
    },
    "lower-case-first": {
      "version": "1.0.2",
      "resolved": "http://registry.npm.taobao.org/lower-case-first/download/lower-case-first-1.0.2.tgz",
      "integrity": "sha1-5dp8JvKacHO+AtUrrJmA5ZIq36E=",
      "dev": true,
      "requires": {
        "lower-case": "^1.1.2"
      }
    },
    "make-error": {
      "version": "1.3.4",
      "resolved": "http://registry.npm.taobao.org/make-error/download/make-error-1.3.4.tgz",
      "integrity": "sha1-GZeO1XX56VRdL/jBPjO10Ypn1TU=",
      "dev": true
    },
    "mime-db": {
      "version": "1.33.0",
      "resolved": "http://registry.npm.taobao.org/mime-db/download/mime-db-1.33.0.tgz",
      "integrity": "sha1-o0kgUKXLm2NFBUHjnZeI0icng9s=",
      "dev": true
    },
    "mime-types": {
      "version": "2.1.18",
      "resolved": "http://registry.npm.taobao.org/mime-types/download/mime-types-2.1.18.tgz",
      "integrity": "sha1-bzI/YKg9ERRvgx/xH9ZuL+VQO7g=",
      "dev": true,
      "requires": {
        "mime-db": "~1.33.0"
      }
    },
    "minimatch": {
      "version": "3.0.4",
      "resolved": "http://registry.npm.taobao.org/minimatch/download/minimatch-3.0.4.tgz",
      "integrity": "sha1-UWbihkV/AzBgZL5Ul+jbsMPTIIM=",
      "dev": true,
      "requires": {
        "brace-expansion": "^1.1.7"
      }
    },
    "minimist": {
      "version": "1.2.0",
      "resolved": "http://registry.npm.taobao.org/minimist/download/minimist-1.2.0.tgz",
      "integrity": "sha1-o1AIsg9BOD7sH7kU9M1d95omQoQ=",
      "dev": true
    },
    "mkdirp": {
      "version": "0.5.1",
      "resolved": "http://registry.npm.taobao.org/mkdirp/download/mkdirp-0.5.1.tgz",
      "integrity": "sha1-MAV0OOrGz3+MR2fzhkjWaX11yQM=",
      "dev": true,
      "requires": {
        "minimist": "0.0.8"
      },
      "dependencies": {
        "minimist": {
          "version": "0.0.8",
          "resolved": "http://registry.npm.taobao.org/minimist/download/minimist-0.0.8.tgz",
          "integrity": "sha1-hX/Kv8M5fSYluCKCYuhqp6ARsF0=",
          "dev": true
        }
      }
    },
    "moment": {
      "version": "2.21.0",
      "resolved": "http://registry.npm.taobao.org/moment/download/moment-2.21.0.tgz",
      "integrity": "sha1-KhFLUdKm7J5tg8+AP4OKh42KAjo=",
      "dev": true
    },
    "no-case": {
      "version": "2.3.2",
      "resolved": "http://registry.npm.taobao.org/no-case/download/no-case-2.3.2.tgz",
      "integrity": "sha1-YLgTOWvjmz8SiKTB7V0efSi0ZKw=",
      "dev": true,
      "requires": {
        "lower-case": "^1.1.1"
      }
    },
    "oauth-sign": {
      "version": "0.8.2",
      "resolved": "http://registry.npm.taobao.org/oauth-sign/download/oauth-sign-0.8.2.tgz",
      "integrity": "sha1-Rqarfwrq2N6unsBWV4C31O/rnUM=",
      "dev": true
    },
    "once": {
      "version": "1.4.0",
      "resolved": "http://registry.npm.taobao.org/once/download/once-1.4.0.tgz",
      "integrity": "sha1-WDsap3WWHUsROsF9nFC6753Xa9E=",
      "dev": true,
      "requires": {
        "wrappy": "1"
      }
    },
    "optimist": {
      "version": "0.6.1",
      "resolved": "http://registry.npm.taobao.org/optimist/download/optimist-0.6.1.tgz",
      "integrity": "sha1-2j6nRob6IaGaERwybpDrFaAZZoY=",
      "dev": true,
      "requires": {
        "minimist": "~0.0.1",
        "wordwrap": "~0.0.2"
      },
      "dependencies": {
        "minimist": {
          "version": "0.0.10",
          "resolved": "http://registry.npm.taobao.org/minimist/download/minimist-0.0.10.tgz",
          "integrity": "sha1-3j+YVD2/lggr5IrRoMfNqDYwHc8=",
          "dev": true
        }
      }
    },
    "param-case": {
      "version": "2.1.1",
      "resolved": "http://registry.npm.taobao.org/param-case/download/param-case-2.1.1.tgz",
      "integrity": "sha1-35T9jPZTHs915r75oIWPvHK+Ikc=",
      "dev": true,
      "requires": {
        "no-case": "^2.2.0"
      }
    },
    "parse-code-context": {
      "version": "0.2.2",
      "resolved": "http://registry.npm.taobao.org/parse-code-context/download/parse-code-context-0.2.2.tgz",
      "integrity": "sha1-FEuK+3IZSC1+iMHranZVlvOmrA0=",
      "dev": true
    },
    "pascal-case": {
      "version": "2.0.1",
      "resolved": "http://registry.npm.taobao.org/pascal-case/download/pascal-case-2.0.1.tgz",
      "integrity": "sha1-LVeNNFX2YNpl7KGO+VtODekSdh4=",
      "dev": true,
      "requires": {
        "camel-case": "^3.0.0",
        "upper-case-first": "^1.1.0"
      }
    },
    "path-case": {
      "version": "2.1.1",
      "resolved": "http://registry.npm.taobao.org/path-case/download/path-case-2.1.1.tgz",
      "integrity": "sha1-lLgDfDctP+KQbkZbtF4l0ibo7qU=",
      "dev": true,
      "requires": {
        "no-case": "^2.2.0"
      }
    },
    "path-is-absolute": {
      "version": "1.0.1",
      "resolved": "http://registry.npm.taobao.org/path-is-absolute/download/path-is-absolute-1.0.1.tgz",
      "integrity": "sha1-F0uSaHNVNP+8es5r9TpanhtcX18=",
      "dev": true
    },
    "performance-now": {
      "version": "2.1.0",
      "resolved": "http://registry.npm.taobao.org/performance-now/download/performance-now-2.1.0.tgz",
      "integrity": "sha1-Ywn04OX6kT7BxpMHrjZLSzd8nns=",
      "dev": true
    },
    "prettier": {
      "version": "1.11.1",
      "resolved": "http://registry.npm.taobao.org/prettier/download/prettier-1.11.1.tgz",
      "integrity": "sha1-YeQ/xM1E5o8rDfwsOM1LsPzNzHU=",
      "dev": true
    },
    "punycode": {
      "version": "1.4.1",
      "resolved": "http://registry.npm.taobao.org/punycode/download/punycode-1.4.1.tgz",
      "integrity": "sha1-wNWmOycYgArY4esPpSachN1BhF4=",
      "dev": true
    },
    "qs": {
      "version": "6.5.1",
      "resolved": "http://registry.npm.taobao.org/qs/download/qs-6.5.1.tgz",
      "integrity": "sha1-NJzfbu+J7EXBLX1es/wMhwNDptg=",
      "dev": true
    },
    "regenerator-runtime": {
      "version": "0.11.1",
      "resolved": "http://registry.npm.taobao.org/regenerator-runtime/download/regenerator-runtime-0.11.1.tgz",
      "integrity": "sha1-vgWtf5v30i4Fb5cmzuUBf78Z4uk=",
      "dev": true
    },
    "repeat-string": {
      "version": "1.6.1",
      "resolved": "http://registry.npm.taobao.org/repeat-string/download/repeat-string-1.6.1.tgz",
      "integrity": "sha1-jcrkcOHIirwtYA//Sndihtp15jc=",
      "dev": true
    },
    "request": {
      "version": "2.85.0",
      "resolved": "http://registry.npm.taobao.org/request/download/request-2.85.0.tgz",
      "integrity": "sha1-WgNhWkfGFCCz65m326IE+DYD4fo=",
      "dev": true,
      "requires": {
        "aws-sign2": "~0.7.0",
        "aws4": "^1.6.0",
        "caseless": "~0.12.0",
        "combined-stream": "~1.0.5",
        "extend": "~3.0.1",
        "forever-agent": "~0.6.1",
        "form-data": "~2.3.1",
        "har-validator": "~5.0.3",
        "hawk": "~6.0.2",
        "http-signature": "~1.2.0",
        "is-typedarray": "~1.0.0",
        "isstream": "~0.1.2",
        "json-stringify-safe": "~5.0.1",
        "mime-types": "~2.1.17",
        "oauth-sign": "~0.8.2",
        "performance-now": "^2.1.0",
        "qs": "~6.5.1",
        "safe-buffer": "^5.1.1",
        "stringstream": "~0.0.5",
        "tough-cookie": "~2.3.3",
        "tunnel-agent": "^0.6.0",
        "uuid": "^3.1.0"
      }
    },
    "right-align": {
      "version": "0.1.3",
      "resolved": "http://registry.npm.taobao.org/right-align/download/right-align-0.1.3.tgz",
      "integrity": "sha1-YTObci/mo1FWiSENJOFMlhSGE+8=",
      "dev": true,
      "optional": true,
      "requires": {
        "align-text": "^0.1.1"
      }
    },
    "safe-buffer": {
      "version": "5.1.2",
      "resolved": "http://registry.npm.taobao.org/safe-buffer/download/safe-buffer-5.1.2.tgz",
      "integrity": "sha1-mR7GnSluAxN0fVm9/St0XDX4go0=",
      "dev": true
    },
    "sentence-case": {
      "version": "2.1.1",
      "resolved": "http://registry.npm.taobao.org/sentence-case/download/sentence-case-2.1.1.tgz",
      "integrity": "sha1-H24t2jnBaL+S0T+G1KkYkz9mftQ=",
      "dev": true,
      "requires": {
        "no-case": "^2.2.0",
        "upper-case-first": "^1.1.2"
      }
    },
    "snake-case": {
      "version": "2.1.0",
      "resolved": "http://registry.npm.taobao.org/snake-case/download/snake-case-2.1.0.tgz",
      "integrity": "sha1-Qb2xtz8w7GagTU4srRt2OH1NbZ8=",
      "dev": true,
      "requires": {
        "no-case": "^2.2.0"
      }
    },
    "sntp": {
      "version": "2.1.0",
      "resolved": "http://registry.npm.taobao.org/sntp/download/sntp-2.1.0.tgz",
      "integrity": "sha1-LGzsFP7cIiJznK+bXD2F0cxaLMg=",
      "dev": true,
      "requires": {
        "hoek": "4.x.x"
      }
    },
    "source-map": {
      "version": "0.6.1",
      "resolved": "http://registry.npm.taobao.org/source-map/download/source-map-0.6.1.tgz",
      "integrity": "sha1-dHIq8y6WFOnCh6jQu95IteLxomM=",
      "dev": true
    },
    "source-map-support": {
      "version": "0.5.5",
      "resolved": "http://registry.npm.taobao.org/source-map-support/download/source-map-support-0.5.5.tgz",
      "integrity": "sha1-DUr54AST6FVALo7Dbr7S0mb865A=",
      "dev": true,
      "requires": {
        "buffer-from": "^1.0.0",
        "source-map": "^0.6.0"
      }
    },
    "sshpk": {
      "version": "1.14.1",
      "resolved": "http://registry.npm.taobao.org/sshpk/download/sshpk-1.14.1.tgz",
      "integrity": "sha1-Ew9Zde3a2WPx1W+SuaxsUfqfg+s=",
      "dev": true,
      "requires": {
        "asn1": "~0.2.3",
        "assert-plus": "^1.0.0",
        "bcrypt-pbkdf": "^1.0.0",
        "dashdash": "^1.12.0",
        "ecc-jsbn": "~0.1.1",
        "getpass": "^0.1.1",
        "jsbn": "~0.1.0",
        "tweetnacl": "~0.14.0"
      }
    },
    "stringstream": {
      "version": "0.0.5",
      "resolved": "http://registry.npm.taobao.org/stringstream/download/stringstream-0.0.5.tgz",
      "integrity": "sha1-TkhM1N5aC7vuGORjB3EKioFiGHg=",
      "dev": true
    },
    "strip-comments": {
      "version": "0.4.4",
      "resolved": "http://registry.npm.taobao.org/strip-comments/download/strip-comments-0.4.4.tgz",
      "integrity": "sha1-ucqvxP6QX5bAkd+J+achXyqmKcY=",
      "dev": true,
      "requires": {
        "extend-shallow": "^2.0.1",
        "extract-comments": "^0.10.1"
      }
    },
    "supports-color": {
      "version": "5.4.0",
      "resolved": "http://registry.npm.taobao.org/supports-color/download/supports-color-5.4.0.tgz",
      "integrity": "sha1-HGszdALCE3YF7+GfEP7DkPb6q1Q=",
      "dev": true,
      "requires": {
        "has-flag": "^3.0.0"
      }
    },
    "swap-case": {
      "version": "1.1.2",
      "resolved": "http://registry.npm.taobao.org/swap-case/download/swap-case-1.1.2.tgz",
      "integrity": "sha1-w5IDpFhzhfrTyFCgvRvK+ggZdOM=",
      "dev": true,
      "requires": {
        "lower-case": "^1.1.1",
        "upper-case": "^1.1.1"
      }
    },
    "title-case": {
      "version": "2.1.1",
      "resolved": "http://registry.npm.taobao.org/title-case/download/title-case-2.1.1.tgz",
      "integrity": "sha1-PhJyFtpY0rxb7PE3q5Ha46fNj6o=",
      "dev": true,
      "requires": {
        "no-case": "^2.2.0",
        "upper-case": "^1.0.3"
      }
    },
    "tough-cookie": {
      "version": "2.3.4",
      "resolved": "http://registry.npm.taobao.org/tough-cookie/download/tough-cookie-2.3.4.tgz",
      "integrity": "sha1-7GDO44rGdQY//JelwYlwV47oNlU=",
      "dev": true,
      "requires": {
        "punycode": "^1.4.1"
      }
    },
    "ts-node": {
      "version": "6.0.1",
      "resolved": "http://registry.npm.taobao.org/ts-node/download/ts-node-6.0.1.tgz",
      "integrity": "sha1-4t1lq8ra5TDSshCc/RkgK6n5BAI=",
      "dev": true,
      "requires": {
        "arrify": "^1.0.0",
        "chalk": "^2.3.0",
        "diff": "^3.1.0",
        "make-error": "^1.1.1",
        "minimist": "^1.2.0",
        "mkdirp": "^0.5.1",
        "source-map-support": "^0.5.3",
        "yn": "^2.0.0"
      }
    },
    "tunnel-agent": {
      "version": "0.6.0",
      "resolved": "http://registry.npm.taobao.org/tunnel-agent/download/tunnel-agent-0.6.0.tgz",
      "integrity": "sha1-J6XeoGs2sEoKmWZ3SykIaPD8QP0=",
      "dev": true,
      "requires": {
        "safe-buffer": "^5.0.1"
      }
    },
    "tweetnacl": {
      "version": "0.14.5",
      "resolved": "http://registry.npm.taobao.org/tweetnacl/download/tweetnacl-0.14.5.tgz",
      "integrity": "sha1-WuaBd/GS1EViadEIr6k/+HQ/T2Q=",
      "dev": true,
      "optional": true
    },
    "uglify-js": {
      "version": "2.8.29",
      "resolved": "http://registry.npm.taobao.org/uglify-js/download/uglify-js-2.8.29.tgz",
      "integrity": "sha1-KcVzMUgFe7Th913zW3qcty5qWd0=",
      "dev": true,
      "optional": true,
      "requires": {
        "source-map": "~0.5.1",
        "uglify-to-browserify": "~1.0.0",
        "yargs": "~3.10.0"
      },
      "dependencies": {
        "source-map": {
          "version": "0.5.7",
          "resolved": "http://registry.npm.taobao.org/source-map/download/source-map-0.5.7.tgz",
          "integrity": "sha1-igOdLRAh0i0eoUyA2OpGi6LvP8w=",
          "dev": true,
          "optional": true
        }
      }
    },
    "uglify-to-browserify": {
      "version": "1.0.2",
      "resolved": "http://registry.npm.taobao.org/uglify-to-browserify/download/uglify-to-browserify-1.0.2.tgz",
      "integrity": "sha1-bgkk1r2mta/jSeOabWMoUKD4grc=",
      "dev": true,
      "optional": true
    },
    "universalify": {
      "version": "0.1.1",
      "resolved": "http://registry.npm.taobao.org/universalify/download/universalify-0.1.1.tgz",
      "integrity": "sha1-+nG63UQ3r0wUiEHjs7Fl+enlkLc="
    },
    "upper-case": {
      "version": "1.1.3",
      "resolved": "http://registry.npm.taobao.org/upper-case/download/upper-case-1.1.3.tgz",
      "integrity": "sha1-9rRQHC7EzdJrp4vnIilh3ndiFZg=",
      "dev": true
    },
    "upper-case-first": {
      "version": "1.1.2",
      "resolved": "http://registry.npm.taobao.org/upper-case-first/download/upper-case-first-1.1.2.tgz",
      "integrity": "sha1-XXm+3P8UQZUY/S7bCgUHybaFkRU=",
      "dev": true,
      "requires": {
        "upper-case": "^1.1.1"
      }
    },
    "uuid": {
      "version": "3.2.1",
      "resolved": "http://registry.npm.taobao.org/uuid/download/uuid-3.2.1.tgz",
      "integrity": "sha1-EsUou51Y0LkmXZovbw/ovhf/HxQ=",
      "dev": true
    },
    "verror": {
      "version": "1.10.0",
      "resolved": "http://registry.npm.taobao.org/verror/download/verror-1.10.0.tgz",
      "integrity": "sha1-OhBcoXBTr1XW4nDB+CiGguGNpAA=",
      "dev": true,
      "requires": {
        "assert-plus": "^1.0.0",
        "core-util-is": "1.0.2",
        "extsprintf": "^1.2.0"
      }
    },
    "window-size": {
      "version": "0.1.0",
      "resolved": "http://registry.npm.taobao.org/window-size/download/window-size-0.1.0.tgz",
      "integrity": "sha1-VDjNLqk7IC76Ohn+iIeu58lPnJ0=",
      "dev": true,
      "optional": true
    },
    "wordwrap": {
      "version": "0.0.3",
      "resolved": "http://registry.npm.taobao.org/wordwrap/download/wordwrap-0.0.3.tgz",
      "integrity": "sha1-o9XabNXAvAAI03I0u68b7WMFkQc=",
      "dev": true
    },
    "wrappy": {
      "version": "1.0.2",
      "resolved": "http://registry.npm.taobao.org/wrappy/download/wrappy-1.0.2.tgz",
      "integrity": "sha1-tSQ9jz7BqjXxNkYFvA0QNuMKtp8=",
      "dev": true
    },
    "yargs": {
      "version": "3.10.0",
      "resolved": "http://registry.npm.taobao.org/yargs/download/yargs-3.10.0.tgz",
      "integrity": "sha1-9+572FfdfB0tOMDnTvvWgdFDH9E=",
      "dev": true,
      "optional": true,
      "requires": {
        "camelcase": "^1.0.2",
        "cliui": "^2.1.0",
        "decamelize": "^1.0.0",
        "window-size": "0.1.0"
      }
    },
    "yn": {
      "version": "2.0.0",
      "resolved": "http://registry.npm.taobao.org/yn/download/yn-2.0.0.tgz",
      "integrity": "sha1-5a2ryKz0CPY4X8dklWhMiOavaJo=",
      "dev": true
    },
    "zen-observable": {
      "version": "0.8.8",
      "resolved": "http://registry.npm.taobao.org/zen-observable/download/zen-observable-0.8.8.tgz",
      "integrity": "sha1-Hqk5lb8Jh1SlghWh4KcwnldJ7EI=",
      "dev": true
    },
    "zen-observable-ts": {
      "version": "0.8.9",
      "resolved": "http://registry.npm.taobao.org/zen-observable-ts/download/zen-observable-ts-0.8.9.tgz",
      "integrity": "sha1-08l68IwK/co368rffMPulr2purE=",
      "dev": true,
      "requires": {
        "zen-observable": "^0.8.0"
      }
    }
  }
}
