{
  "name": "ak-lib-antd",
  "version": "0.0.1",
  "lockfileVersion": 1,
  "requires": true,
  "dependencies": {
    "add-dom-event-listener": {
      "version": "1.0.2",
      "resolved": "https://registry.npmjs.org/add-dom-event-listener/-/add-dom-event-listener-1.0.2.tgz",
      "integrity": "sha1-j67SxBAIchzxEdodMNmVuFvkK+0=",
      "requires": {
        "object-assign": "4.1.1"
      }
    },
    "antd": {
      "version": "3.4.1",
      "resolved": "https://registry.npmjs.org/antd/-/antd-3.4.1.tgz",
      "integrity": "sha512-U/2+nBSnucDwvHlVFP8uklU6OxeH5V4lvvlYzKLtSfykgDY3VpIZFG9SQ/CGIyKghzbcUVQvCjbkejch5OVWJQ==",
      "requires": {
        "array-tree-filter": "2.1.0",
        "babel-runtime": "6.26.0",
        "classnames": "2.2.5",
        "create-react-class": "15.6.3",
        "css-animation": "1.4.1",
        "dom-closest": "0.2.0",
        "enquire.js": "2.1.6",
        "lodash": "4.17.5",
        "moment": "2.22.1",
        "omit.js": "1.0.0",
        "prop-types": "15.6.1",
        "rc-animate": "2.4.4",
        "rc-calendar": "9.6.0",
        "rc-cascader": "0.12.2",
        "rc-checkbox": "2.1.5",
        "rc-collapse": "1.8.0",
        "rc-dialog": "7.1.4",
        "rc-dropdown": "2.1.1",
        "rc-editor-mention": "1.1.6",
        "rc-form": "2.2.0",
        "rc-input-number": "4.0.5",
        "rc-menu": "6.2.10",
        "rc-notification": "3.0.1",
        "rc-pagination": "1.16.3",
        "rc-progress": "2.2.5",
        "rc-rate": "2.4.0",
        "rc-select": "7.7.7",
        "rc-slider": "8.6.1",
        "rc-steps": "3.1.1",
        "rc-switch": "1.6.0",
        "rc-table": "6.1.10",
        "rc-tabs": "9.2.4",
        "rc-time-picker": "3.3.1",
        "rc-tooltip": "3.7.2",
        "rc-tree": "1.8.2",
        "rc-tree-select": "1.12.10",
        "rc-upload": "2.4.4",
        "rc-util": "4.5.0",
        "react-lazy-load": "3.0.13",
        "react-slick": "0.22.3",
        "shallowequal": "1.0.2",
        "warning": "3.0.0"
      }
    },
    "array-tree-filter": {
      "version": "2.1.0",
      "resolved": "https://registry.npmjs.org/array-tree-filter/-/array-tree-filter-2.1.0.tgz",
      "integrity": "sha512-4ROwICNlNw/Hqa9v+rk5h22KjmzB1JGTMVKP2AKJBOCgb0yL0ASf0+YvCcLNNwquOHNX48jkeZIJ3a+oOQqKcw=="
    },
    "asap": {
      "version": "2.0.6",
      "resolved": "https://registry.npmjs.org/asap/-/asap-2.0.6.tgz",
      "integrity": "sha1-5QNHYR1+aQlDIIu9r+vLwvuGbUY="
    },
    "async-validator": {
      "version": "1.8.2",
      "resolved": "https://registry.npmjs.org/async-validator/-/async-validator-1.8.2.tgz",
      "integrity": "sha1-t3WXIm6WJC+NUxwNRq4pX2JCK6Q=",
      "requires": {
        "babel-runtime": "6.26.0"
      }
    },
    "babel-runtime": {
      "version": "6.26.0",
      "resolved": "https://registry.npmjs.org/babel-runtime/-/babel-runtime-6.26.0.tgz",
      "integrity": "sha1-llxwWGaOgrVde/4E/yM3vItWR/4=",
      "requires": {
        "core-js": "2.5.5",
        "regenerator-runtime": "0.11.1"
      }
    },
    "can-use-dom": {
      "version": "0.1.0",
      "resolved": "https://registry.npmjs.org/can-use-dom/-/can-use-dom-0.1.0.tgz",
      "integrity": "sha1-IsxKNKCrxDlQ9CxkEQJKP2NmtFo="
    },
    "classnames": {
      "version": "2.2.5",
      "resolved": "https://registry.npmjs.org/classnames/-/classnames-2.2.5.tgz",
      "integrity": "sha1-+zgB1FNGdknvNgPH1hoCvRKb3m0="
    },
    "component-classes": {
      "version": "1.2.6",
      "resolved": "https://registry.npmjs.org/component-classes/-/component-classes-1.2.6.tgz",
      "integrity": "sha1-xkI5TDYYpNiwuJGe/Mu9kw5c1pE=",
      "requires": {
        "component-indexof": "0.0.3"
      }
    },
    "component-indexof": {
      "version": "0.0.3",
      "resolved": "https://registry.npmjs.org/component-indexof/-/component-indexof-0.0.3.tgz",
      "integrity": "sha1-EdCRMSI5648yyPJa6csAL/6NPCQ="
    },
    "core-js": {
      "version": "2.5.5",
      "resolved": "https://registry.npmjs.org/core-js/-/core-js-2.5.5.tgz",
      "integrity": "sha1-sU3ek2xkDAV5prUMq8wTLdYSfjs="
    },
    "create-react-class": {
      "version": "15.6.3",
      "resolved": "https://registry.npmjs.org/create-react-class/-/create-react-class-15.6.3.tgz",
      "integrity": "sha512-M+/3Q6E6DLO6Yx3OwrWjwHBnvfXXYA7W+dFjt/ZDBemHO1DDZhsalX/NUtnTYclN6GfnBDRh4qRHjcDHmlJBJg==",
      "requires": {
        "fbjs": "0.8.16",
        "loose-envify": "1.3.1",
        "object-assign": "4.1.1"
      }
    },
    "css-animation": {
      "version": "1.4.1",
      "resolved": "https://registry.npmjs.org/css-animation/-/css-animation-1.4.1.tgz",
      "integrity": "sha1-W4gTEl3g+7uwu+G0cq6EIhRpt6g=",
      "requires": {
        "babel-runtime": "6.26.0",
        "component-classes": "1.2.6"
      }
    },
    "dom-align": {
      "version": "1.6.7",
      "resolved": "https://registry.npmjs.org/dom-align/-/dom-align-1.6.7.tgz",
      "integrity": "sha512-FrHttKVCqdHaDyVjygY+8kRhcNOJEdvAkc2ltppJUz71ekgpzIOuLgsOIKVqzdETI2EocmW2DzF+uP365qcR5Q=="
    },
    "dom-closest": {
      "version": "0.2.0",
      "resolved": "https://registry.npmjs.org/dom-closest/-/dom-closest-0.2.0.tgz",
      "integrity": "sha1-69n5HRvyLo1vR3h2u80+yQIWwM8=",
      "requires": {
        "dom-matches": "2.0.0"
      }
    },
    "dom-matches": {
      "version": "2.0.0",
      "resolved": "https://registry.npmjs.org/dom-matches/-/dom-matches-2.0.0.tgz",
      "integrity": "sha1-0nKLQWqHUzmA6wibhI0lPPI6dYw="
    },
    "dom-scroll-into-view": {
      "version": "1.2.1",
      "resolved": "https://registry.npmjs.org/dom-scroll-into-view/-/dom-scroll-into-view-1.2.1.tgz",
      "integrity": "sha1-6PNnMt0ImwIBqI14Fdw/iObWbH4="
    },
    "draft-js": {
      "version": "0.10.5",
      "resolved": "https://registry.npmjs.org/draft-js/-/draft-js-0.10.5.tgz",
      "integrity": "sha512-LE6jSCV9nkPhfVX2ggcRLA4FKs6zWq9ceuO/88BpXdNCS7mjRTgs0NsV6piUCJX9YxMsB9An33wnkMmU2sD2Zg==",
      "requires": {
        "fbjs": "0.8.16",
        "immutable": "3.7.6",
        "object-assign": "4.1.1"
      }
    },
    "encoding": {
      "version": "0.1.12",
      "resolved": "https://registry.npmjs.org/encoding/-/encoding-0.1.12.tgz",
      "integrity": "sha1-U4tm8+5izRq1HsMjgp0flIDHS+s=",
      "requires": {
        "iconv-lite": "0.4.21"
      }
    },
    "enquire.js": {
      "version": "2.1.6",
      "resolved": "https://registry.npmjs.org/enquire.js/-/enquire.js-2.1.6.tgz",
      "integrity": "sha1-PoeAybi4NQhMP2DhZtvDwqPImBQ="
    },
    "eventlistener": {
      "version": "0.0.1",
      "resolved": "https://registry.npmjs.org/eventlistener/-/eventlistener-0.0.1.tgz",
      "integrity": "sha1-7Suqu4UiJ68rz4iRUscsY8pTLrg="
    },
    "fbjs": {
      "version": "0.8.16",
      "resolved": "https://registry.npmjs.org/fbjs/-/fbjs-0.8.16.tgz",
      "integrity": "sha1-XmdDL1UNxBtXK/VYR7ispk5TN9s=",
      "requires": {
        "core-js": "1.2.7",
        "isomorphic-fetch": "2.2.1",
        "loose-envify": "1.3.1",
        "object-assign": "4.1.1",
        "promise": "7.3.1",
        "setimmediate": "1.0.5",
        "ua-parser-js": "0.7.17"
      },
      "dependencies": {
        "core-js": {
          "version": "1.2.7",
          "resolved": "https://registry.npmjs.org/core-js/-/core-js-1.2.7.tgz",
          "integrity": "sha1-ZSKUwUZR2yj6k70tX/KYOk8IxjY="
        }
      }
    },
    "hammerjs": {
      "version": "2.0.8",
      "resolved": "https://registry.npmjs.org/hammerjs/-/hammerjs-2.0.8.tgz",
      "integrity": "sha1-BO93hiz/K7edMPdpIJWTAiK/YPE="
    },
    "hoist-non-react-statics": {
      "version": "2.5.0",
      "resolved": "https://registry.npmjs.org/hoist-non-react-statics/-/hoist-non-react-statics-2.5.0.tgz",
      "integrity": "sha512-6Bl6XsDT1ntE0lHbIhr4Kp2PGcleGZ66qu5Jqk8lc0Xc/IeG6gVLmwUGs/K0Us+L8VWoKgj0uWdPMataOsm31w=="
    },
    "iconv-lite": {
      "version": "0.4.21",
      "resolved": "https://registry.npmjs.org/iconv-lite/-/iconv-lite-0.4.21.tgz",
      "integrity": "sha512-En5V9za5mBt2oUA03WGD3TwDv0MKAruqsuxstbMUZaj9W9k/m1CV/9py3l0L5kw9Bln8fdHQmzHSYtvpvTLpKw==",
      "requires": {
        "safer-buffer": "2.1.2"
      }
    },
    "immutable": {
      "version": "3.7.6",
      "resolved": "https://registry.npmjs.org/immutable/-/immutable-3.7.6.tgz",
      "integrity": "sha1-E7TTyxK++hVIKib+Gy665kAHHks="
    },
    "is-negative-zero": {
      "version": "2.0.0",
      "resolved": "https://registry.npmjs.org/is-negative-zero/-/is-negative-zero-2.0.0.tgz",
      "integrity": "sha1-lVOxIbD6wohp2p7UWeIMdUN4hGE="
    },
    "is-stream": {
      "version": "1.1.0",
      "resolved": "https://registry.npmjs.org/is-stream/-/is-stream-1.1.0.tgz",
      "integrity": "sha1-EtSj3U5o4Lec6428hBc66A2RykQ="
    },
    "isomorphic-fetch": {
      "version": "2.2.1",
      "resolved": "https://registry.npmjs.org/isomorphic-fetch/-/isomorphic-fetch-2.2.1.tgz",
      "integrity": "sha1-YRrhrPFPXoH3KVB0coGf6XM1WKk=",
      "requires": {
        "node-fetch": "1.7.3",
        "whatwg-fetch": "2.0.4"
      }
    },
    "js-tokens": {
      "version": "3.0.2",
      "resolved": "https://registry.npmjs.org/js-tokens/-/js-tokens-3.0.2.tgz",
      "integrity": "sha1-mGbfOVECEw449/mWvOtlRDIJwls="
    },
    "json2mq": {
      "version": "0.2.0",
      "resolved": "https://registry.npmjs.org/json2mq/-/json2mq-0.2.0.tgz",
      "integrity": "sha1-tje9O6nqvhIsg+lyBIOusQ0skEo=",
      "requires": {
        "string-convert": "0.2.1"
      }
    },
    "lodash": {
      "version": "4.17.5",
      "resolved": "https://registry.npmjs.org/lodash/-/lodash-4.17.5.tgz",
      "integrity": "sha512-svL3uiZf1RwhH+cWrfZn3A4+U58wbP0tGVTLQPbjplZxZ8ROD9VLuNgsRniTlLe7OlSqR79RUehXgpBW/s0IQw=="
    },
    "lodash._getnative": {
      "version": "3.9.1",
      "resolved": "https://registry.npmjs.org/lodash._getnative/-/lodash._getnative-3.9.1.tgz",
      "integrity": "sha1-VwvH3t5G1hzc3mh9ZdPuy6o6r/U="
    },
    "lodash.debounce": {
      "version": "4.0.8",
      "resolved": "https://registry.npmjs.org/lodash.debounce/-/lodash.debounce-4.0.8.tgz",
      "integrity": "sha1-gteb/zCmfEAF/9XiUVMArZyk168="
    },
    "lodash.isarguments": {
      "version": "3.1.0",
      "resolved": "https://registry.npmjs.org/lodash.isarguments/-/lodash.isarguments-3.1.0.tgz",
      "integrity": "sha1-L1c9hcaiQon/AGY7SRwdM4/zRYo="
    },
    "lodash.isarray": {
      "version": "3.0.4",
      "resolved": "https://registry.npmjs.org/lodash.isarray/-/lodash.isarray-3.0.4.tgz",
      "integrity": "sha1-eeTriMNqgSKvhvhEqpvNhRtfu1U="
    },
    "lodash.keys": {
      "version": "3.1.2",
      "resolved": "https://registry.npmjs.org/lodash.keys/-/lodash.keys-3.1.2.tgz",
      "integrity": "sha1-TbwEcrFWvlCgsoaFXRvQsMZWCYo=",
      "requires": {
        "lodash._getnative": "3.9.1",
        "lodash.isarguments": "3.1.0",
        "lodash.isarray": "3.0.4"
      }
    },
    "lodash.throttle": {
      "version": "4.1.1",
      "resolved": "https://registry.npmjs.org/lodash.throttle/-/lodash.throttle-4.1.1.tgz",
      "integrity": "sha1-wj6RtxAkKscMN/HhzaknTMOb8vQ="
    },
    "loose-envify": {
      "version": "1.3.1",
      "resolved": "https://registry.npmjs.org/loose-envify/-/loose-envify-1.3.1.tgz",
      "integrity": "sha1-0aitM/qc4OcT1l/dCsi3SNR4yEg=",
      "requires": {
        "js-tokens": "3.0.2"
      }
    },
    "mini-store": {
      "version": "1.0.4",
      "resolved": "https://registry.npmjs.org/mini-store/-/mini-store-1.0.4.tgz",
      "integrity": "sha512-AJoqlKcmAFFwZYKem2ACuZKo8ginzsw/yDWiVRoWmv54BIQUomWz0+F+lCaoo2LwQB6YtiQzve9+h/WH4AFXUA==",
      "requires": {
        "hoist-non-react-statics": "2.5.0",
        "prop-types": "15.6.1",
        "shallowequal": "1.0.2"
      }
    },
    "moment": {
      "version": "2.22.1",
      "resolved": "https://registry.npmjs.org/moment/-/moment-2.22.1.tgz",
      "integrity": "sha512-shJkRTSebXvsVqk56I+lkb2latjBs8I+pc2TzWc545y2iFnSjm7Wg0QMh+ZWcdSLQyGEau5jI8ocnmkyTgr9YQ=="
    },
    "node-fetch": {
      "version": "1.7.3",
      "resolved": "https://registry.npmjs.org/node-fetch/-/node-fetch-1.7.3.tgz",
      "integrity": "sha512-NhZ4CsKx7cYm2vSrBAr2PvFOe6sWDf0UYLRqA6svUYg7+/TSfVAu49jYC4BvQ4Sms9SZgdqGBgroqfDhJdTyKQ==",
      "requires": {
        "encoding": "0.1.12",
        "is-stream": "1.1.0"
      }
    },
    "object-assign": {
      "version": "4.1.1",
      "resolved": "https://registry.npmjs.org/object-assign/-/object-assign-4.1.1.tgz",
      "integrity": "sha1-IQmtx5ZYh8/AXLvUQsrIv7s2CGM="
    },
    "omit.js": {
      "version": "1.0.0",
      "resolved": "https://registry.npmjs.org/omit.js/-/omit.js-1.0.0.tgz",
      "integrity": "sha512-O1rwbvEfAdhtonTv+v6IQeMOKTi/wlHcXpI3hehyPDlujkjSBQC6Vtzg0mdy+v2KVDmuPf7hAbHlTBM6q1bUHQ==",
      "requires": {
        "babel-runtime": "6.26.0"
      }
    },
    "promise": {
      "version": "7.3.1",
      "resolved": "https://registry.npmjs.org/promise/-/promise-7.3.1.tgz",
      "integrity": "sha512-nolQXZ/4L+bP/UGlkfaIujX9BKxGwmQ9OT4mOt5yvy8iK1h3wqTEJCijzGANTCCl9nWjY41juyAn2K3Q1hLLTg==",
      "requires": {
        "asap": "2.0.6"
      }
    },
    "prop-types": {
      "version": "15.6.1",
      "resolved": "https://registry.npmjs.org/prop-types/-/prop-types-15.6.1.tgz",
      "integrity": "sha512-4ec7bY1Y66LymSUOH/zARVYObB23AT2h8cf6e/O6ZALB/N0sqZFEx7rq6EYPX2MkOdKORuooI/H5k9TlR4q7kQ==",
      "requires": {
        "fbjs": "0.8.16",
        "loose-envify": "1.3.1",
        "object-assign": "4.1.1"
      }
    },
    "rc-align": {
      "version": "2.3.6",
      "resolved": "https://registry.npmjs.org/rc-align/-/rc-align-2.3.6.tgz",
      "integrity": "sha512-sB9HpuyMZg5Yy+iIkraPv7/5uaMdUVpfitGFO5aOKKFE/rcEpWunaZdYjvTpPBHUsBrrEn/7qs/klD1YQPIQhA==",
      "requires": {
        "babel-runtime": "6.26.0",
        "dom-align": "1.6.7",
        "prop-types": "15.6.1",
        "rc-util": "4.5.0",
        "shallowequal": "1.0.2"
      }
    },
    "rc-animate": {
      "version": "2.4.4",
      "resolved": "https://registry.npmjs.org/rc-animate/-/rc-animate-2.4.4.tgz",
      "integrity": "sha512-DjJLTUQj7XKKcuS8cczN0uOLfuSmgrVXFGieP1SZc87xUUTFGh8B/KjNmEtlfvxkSrSuVfb2rrEPER4SqKUtEA==",
      "requires": {
        "babel-runtime": "6.26.0",
        "css-animation": "1.4.1",
        "prop-types": "15.6.1"
      }
    },
    "rc-calendar": {
      "version": "9.6.0",
      "resolved": "https://registry.npmjs.org/rc-calendar/-/rc-calendar-9.6.0.tgz",
      "integrity": "sha512-XtKRHvYSLt4b5AJcbz6ED91IYImMcEV8BsQCdvrsnhv0pYsEa6LvAm+TVxLsnVJUqGPkCJfPRGFWN/XTNT6Vew==",
      "requires": {
        "babel-runtime": "6.26.0",
        "classnames": "2.2.5",
        "create-react-class": "15.6.3",
        "moment": "2.22.1",
        "prop-types": "15.6.1",
        "rc-trigger": "2.3.4",
        "rc-util": "4.5.0"
      }
    },
    "rc-cascader": {
      "version": "0.12.2",
      "resolved": "https://registry.npmjs.org/rc-cascader/-/rc-cascader-0.12.2.tgz",
      "integrity": "sha512-Hq9bdEPGwQan65oLfuYojDwY3/PqZYxPFqsd38aYE8/x5shzMrBcA0UVZ9S4ds9g+T604cwAEIDJFYEePtGK3Q==",
      "requires": {
        "array-tree-filter": "1.0.1",
        "prop-types": "15.6.1",
        "rc-trigger": "2.3.4",
        "rc-util": "4.5.0",
        "shallow-equal": "1.0.0"
      },
      "dependencies": {
        "array-tree-filter": {
          "version": "1.0.1",
          "resolved": "https://registry.npmjs.org/array-tree-filter/-/array-tree-filter-1.0.1.tgz",
          "integrity": "sha1-CorR7v04zoiFhjL5zAQj12NOTV0="
        }
      }
    },
    "rc-checkbox": {
      "version": "2.1.5",
      "resolved": "https://registry.npmjs.org/rc-checkbox/-/rc-checkbox-2.1.5.tgz",
      "integrity": "sha512-WXKnZV6ipS3Jsmd7mVenVUQf+ictgWZW0RqiH+7MeYdzGj/SL4g/S6MZgRdgzaBS2tGBCp4bvhGcyZLns6uQxw==",
      "requires": {
        "babel-runtime": "6.26.0",
        "classnames": "2.2.5",
        "prop-types": "15.6.1",
        "rc-util": "4.5.0"
      }
    },
    "rc-collapse": {
      "version": "1.8.0",
      "resolved": "https://registry.npmjs.org/rc-collapse/-/rc-collapse-1.8.0.tgz",
      "integrity": "sha512-X5rWiZ6edMe1K/pnnniGzZirdBJIS7fIElIEnCStmHtD5Bj5F512KLX+YGjTrcUb9pgmdSUrBBaKhUzeMDOS2w==",
      "requires": {
        "classnames": "2.2.5",
        "css-animation": "1.4.1",
        "prop-types": "15.6.1",
        "rc-animate": "2.4.4"
      }
    },
    "rc-dialog": {
      "version": "7.1.4",
      "resolved": "https://registry.npmjs.org/rc-dialog/-/rc-dialog-7.1.4.tgz",
      "integrity": "sha512-4rKDcT4mjgyaXzymD1vKAbLD6C5tDl+bTy23TxTrsOgMgRc0lqgnwQk4Mgr2j1r9I0w2KrqjcunwycquUlzxeg==",
      "requires": {
        "babel-runtime": "6.26.0",
        "rc-animate": "2.4.4",
        "rc-util": "4.5.0"
      }
    },
    "rc-dropdown": {
      "version": "2.1.1",
      "resolved": "https://registry.npmjs.org/rc-dropdown/-/rc-dropdown-2.1.1.tgz",
      "integrity": "sha512-KlflmCHVl273zNj56nLgSZmA5kFbTf7cOzGoF1Nfaj5RpKzgBEHHwXZ9UNDUxdrFW7znJQSLBUo3cNEkqN6J5w==",
      "requires": {
        "babel-runtime": "6.26.0",
        "prop-types": "15.6.1",
        "rc-trigger": "2.3.4"
      }
    },
    "rc-editor-core": {
      "version": "0.8.6",
      "resolved": "https://registry.npmjs.org/rc-editor-core/-/rc-editor-core-0.8.6.tgz",
      "integrity": "sha512-6M4C0qLTf/UvQA0XNb8BWlb5+tZ5LCZKc9Hs0oH6Fn+18XMRILYiUKBCdLObaj0LVeq5vhq+zra9sjfqBEguHQ==",
      "requires": {
        "babel-runtime": "6.26.0",
        "classnames": "2.2.5",
        "draft-js": "0.10.5",
        "immutable": "3.7.6",
        "lodash": "4.17.5",
        "prop-types": "15.6.1",
        "setimmediate": "1.0.5"
      }
    },
    "rc-editor-mention": {
      "version": "1.1.6",
      "resolved": "https://registry.npmjs.org/rc-editor-mention/-/rc-editor-mention-1.1.6.tgz",
      "integrity": "sha512-fzD0HueQrp8CYe6HO44pyD1p1kNk0fJvxG0VpZ67fSSDz8AiMS2L6nduw7XNJ+vG64YsGQW4rqACb1Lc7+SYLA==",
      "requires": {
        "babel-runtime": "6.26.0",
        "classnames": "2.2.5",
        "dom-scroll-into-view": "1.2.1",
        "draft-js": "0.10.5",
        "prop-types": "15.6.1",
        "rc-animate": "2.4.4",
        "rc-editor-core": "0.8.6"
      }
    },
    "rc-form": {
      "version": "2.2.0",
      "resolved": "https://registry.npmjs.org/rc-form/-/rc-form-2.2.0.tgz",
      "integrity": "sha512-W3fct0JFyLHBOiWfLByJKLoB82tuPGvSsJ5V4pm6RRJ+ehofpvOIA5nmgKpPyosg3EfC9rx32rJrEK0fidnaRw==",
      "requires": {
        "async-validator": "1.8.2",
        "babel-runtime": "6.26.0",
        "create-react-class": "15.6.3",
        "dom-scroll-into-view": "1.2.1",
        "hoist-non-react-statics": "2.5.0",
        "lodash": "4.17.5",
        "warning": "3.0.0"
      }
    },
    "rc-hammerjs": {
      "version": "0.6.9",
      "resolved": "https://registry.npmjs.org/rc-hammerjs/-/rc-hammerjs-0.6.9.tgz",
      "integrity": "sha512-4llgWO3RgLyVbEqUdGsDfzUDqklRlQW5VEhE3x35IvhV+w//VPRG34SBavK3D2mD/UaLKaohgU41V4agiftC8g==",
      "requires": {
        "babel-runtime": "6.26.0",
        "hammerjs": "2.0.8",
        "prop-types": "15.6.1"
      }
    },
    "rc-input-number": {
      "version": "4.0.5",
      "resolved": "https://registry.npmjs.org/rc-input-number/-/rc-input-number-4.0.5.tgz",
      "integrity": "sha512-A6xLd9bHxgCYirQ4tnC+svjwkYTYg/MRxTZX5frivdFfgoh5gDJLjlb9O6vj9l4OSShcTXcVb7bA0yidf6vBRQ==",
      "requires": {
        "babel-runtime": "6.26.0",
        "classnames": "2.2.5",
        "is-negative-zero": "2.0.0",
        "prop-types": "15.6.1",
        "rmc-feedback": "1.0.4"
      }
    },
    "rc-menu": {
      "version": "6.2.10",
      "resolved": "https://registry.npmjs.org/rc-menu/-/rc-menu-6.2.10.tgz",
      "integrity": "sha512-Rc4a7oIbme3o8LeMcbewUZ4ItDnEqg1eh6ZbNh7IsAqGUpNE9pxfLf/aJa0QXmg8JPKH3aiqH1nGrmvZR5P68w==",
      "requires": {
        "babel-runtime": "6.26.0",
        "classnames": "2.2.5",
        "create-react-class": "15.6.3",
        "dom-scroll-into-view": "1.2.1",
        "mini-store": "1.0.4",
        "prop-types": "15.6.1",
        "rc-animate": "2.4.4",
        "rc-trigger": "2.3.4",
        "rc-util": "4.5.0"
      }
    },
    "rc-notification": {
      "version": "3.0.1",
      "resolved": "https://registry.npmjs.org/rc-notification/-/rc-notification-3.0.1.tgz",
      "integrity": "sha512-DvnTJKh4V8i8JWe448Nymrb0D+r98Rg8sSdeZbZJJ+juHZUV8uWWAEZwQRemC0I+4J/xNQTBpEFcPgvd+darHg==",
      "requires": {
        "babel-runtime": "6.26.0",
        "classnames": "2.2.5",
        "prop-types": "15.6.1",
        "rc-animate": "2.4.4",
        "rc-util": "4.5.0"
      }
    },
    "rc-pagination": {
      "version": "1.16.3",
      "resolved": "https://registry.npmjs.org/rc-pagination/-/rc-pagination-1.16.3.tgz",
      "integrity": "sha512-KF9vOmHwMP2OfJocVtHDSmUK5nxW8GyiFcl+CtB9NsNeDxy7a7hYyhsM9w753hqMGM+B2ZBD3tqIaMK+iHpOpg==",
      "requires": {
        "babel-runtime": "6.26.0",
        "prop-types": "15.6.1"
      }
    },
    "rc-progress": {
      "version": "2.2.5",
      "resolved": "https://registry.npmjs.org/rc-progress/-/rc-progress-2.2.5.tgz",
      "integrity": "sha1-5h0FRL+dQgjlujL8UJYhWef5UqM=",
      "requires": {
        "babel-runtime": "6.26.0",
        "prop-types": "15.6.1"
      }
    },
    "rc-rate": {
      "version": "2.4.0",
      "resolved": "https://registry.npmjs.org/rc-rate/-/rc-rate-2.4.0.tgz",
      "integrity": "sha512-gYHxaXqObiIw1ekRS8tq2YUKpTGL/Q9LxMdSCXZS++d5bVsmmTCZUvJFKEt0IfLb19sZtxCaQvwanzNpqaxY7Q==",
      "requires": {
        "babel-runtime": "6.26.0",
        "classnames": "2.2.5",
        "prop-types": "15.6.1",
        "rc-util": "4.5.0"
      }
    },
    "rc-select": {
      "version": "7.7.7",
      "resolved": "https://registry.npmjs.org/rc-select/-/rc-select-7.7.7.tgz",
      "integrity": "sha512-97yNJh3QaJTvYEy5CJRYQiC6I2lh8P3re/7nXipOZWhdJ83vvXBcH0iUy76T2XK0Jt/ee6iQfI0T0H7HAuQerA==",
      "requires": {
        "babel-runtime": "6.26.0",
        "classnames": "2.2.5",
        "component-classes": "1.2.6",
        "dom-scroll-into-view": "1.2.1",
        "prop-types": "15.6.1",
        "rc-animate": "2.4.4",
        "rc-menu": "6.2.10",
        "rc-trigger": "2.3.4",
        "rc-util": "4.5.0",
        "warning": "3.0.0"
      }
    },
    "rc-slider": {
      "version": "8.6.1",
      "resolved": "https://registry.npmjs.org/rc-slider/-/rc-slider-8.6.1.tgz",
      "integrity": "sha512-6DoLW5pWR8K/7Z55E5wKZGGa22HFY6LB4Z0PegzSXrQ/RqUHm9hFHRA3FYCuPOsg/Zsi+SgGPvzC2P/I/YZ6Lg==",
      "requires": {
        "babel-runtime": "6.26.0",
        "classnames": "2.2.5",
        "prop-types": "15.6.1",
        "rc-tooltip": "3.7.2",
        "rc-util": "4.5.0",
        "shallowequal": "1.0.2",
        "warning": "3.0.0"
      }
    },
    "rc-steps": {
      "version": "3.1.1",
      "resolved": "https://registry.npmjs.org/rc-steps/-/rc-steps-3.1.1.tgz",
      "integrity": "sha512-oon2VdAHWrZmkB07MUMhq7k2IazFmtOi+6CCPn1ao3ZJ/89/aArP9/3pDQBm88FBQBcDh1E04kSHufbdY1kxfw==",
      "requires": {
        "babel-runtime": "6.26.0",
        "classnames": "2.2.5",
        "lodash": "4.17.5",
        "prop-types": "15.6.1"
      }
    },
    "rc-switch": {
      "version": "1.6.0",
      "resolved": "https://registry.npmjs.org/rc-switch/-/rc-switch-1.6.0.tgz",
      "integrity": "sha512-tlnYj92N/PxFLWJObATgSPYWESCFTUtdFjDRbCJFvSd4j2a8IFLz20X/5d3OTnFtf7DcxLTa/aGIPmsI3mFn3g==",
      "requires": {
        "babel-runtime": "6.26.0",
        "classnames": "2.2.5",
        "prop-types": "15.6.1"
      }
    },
    "rc-table": {
      "version": "6.1.10",
      "resolved": "https://registry.npmjs.org/rc-table/-/rc-table-6.1.10.tgz",
      "integrity": "sha512-hDq1j7NLs9E8TK4nWIThp9SwIZe2yewdmmOw9Jt0DDsj/Hw2apaKVQL14vfWKIHVsBmFgMU8WQMk4MI6kmCj2A==",
      "requires": {
        "babel-runtime": "6.26.0",
        "component-classes": "1.2.6",
        "lodash": "4.17.5",
        "mini-store": "1.0.4",
        "prop-types": "15.6.1",
        "rc-util": "4.5.0",
        "react-lifecycles-compat": "3.0.2",
        "shallowequal": "1.0.2",
        "warning": "3.0.0"
      }
    },
    "rc-tabs": {
      "version": "9.2.4",
      "resolved": "https://registry.npmjs.org/rc-tabs/-/rc-tabs-9.2.4.tgz",
      "integrity": "sha512-sibLucs7d4RzZ83EO9YlMSw9TIWsa/DFC4uc8iyNiPo5V/u6zLJXZTOAWSY9deASUCkDYJ9JtydUN9npLnVXGQ==",
      "requires": {
        "babel-runtime": "6.26.0",
        "classnames": "2.2.5",
        "create-react-class": "15.6.3",
        "lodash": "4.17.5",
        "prop-types": "15.6.1",
        "rc-hammerjs": "0.6.9",
        "rc-util": "4.5.0",
        "warning": "3.0.0"
      }
    },
    "rc-time-picker": {
      "version": "3.3.1",
      "resolved": "https://registry.npmjs.org/rc-time-picker/-/rc-time-picker-3.3.1.tgz",
      "integrity": "sha512-iCo6Fs6Bp/HjjSvdA+nv/yJEWSe+vDyunV57uVzZkW+4QDQ+BOvZGGwJcfL407u/eP1QKmeljZN8Iu3KjdKIGg==",
      "requires": {
        "babel-runtime": "6.26.0",
        "classnames": "2.2.5",
        "moment": "2.22.1",
        "prop-types": "15.6.1",
        "rc-trigger": "2.3.4"
      }
    },
    "rc-tooltip": {
      "version": "3.7.2",
      "resolved": "https://registry.npmjs.org/rc-tooltip/-/rc-tooltip-3.7.2.tgz",
      "integrity": "sha512-vsF29ohlfgr7lEP12aJ5j4U/4hzqSBYjWQo8I09re+q95v1o4nDjH1q/B3qFkf9aml2FbgdkJw9KYz/zXUgApA==",
      "requires": {
        "babel-runtime": "6.26.0",
        "prop-types": "15.6.1",
        "rc-trigger": "2.3.4"
      }
    },
    "rc-tree": {
      "version": "1.8.2",
      "resolved": "https://registry.npmjs.org/rc-tree/-/rc-tree-1.8.2.tgz",
      "integrity": "sha512-5RSJExWUvTOmv6W3MSQCz5RUPpwyFfrSYhmMQLxaXd53FBDxiMGY48oJBAo/I+7jNhgortbL0yICt0wIKES4Pw==",
      "requires": {
        "babel-runtime": "6.26.0",
        "classnames": "2.2.5",
        "prop-types": "15.6.1",
        "rc-animate": "2.4.4",
        "rc-util": "4.5.0",
        "warning": "3.0.0"
      }
    },
    "rc-tree-select": {
      "version": "1.12.10",
      "resolved": "https://registry.npmjs.org/rc-tree-select/-/rc-tree-select-1.12.10.tgz",
      "integrity": "sha512-lbzERAZdLQCEXv/ZAgShe8x/jJ1+dSmUfmJaEG/c7neCRqJjZd6Q8gZGcSnJZ60OzAsuKn79f3Da/b+IW6b3Xg==",
      "requires": {
        "babel-runtime": "6.26.0",
        "classnames": "2.2.5",
        "prop-types": "15.6.1",
        "rc-animate": "2.4.4",
        "rc-tree": "1.7.11",
        "rc-trigger": "2.3.4",
        "rc-util": "4.5.0"
      },
      "dependencies": {
        "rc-tree": {
          "version": "1.7.11",
          "resolved": "https://registry.npmjs.org/rc-tree/-/rc-tree-1.7.11.tgz",
          "integrity": "sha512-Vof0KscpGA6XmWZ78rN9ul0ZzGIhjR/FrUaDgGGNgIiobxpSH3gg08C3Ae739NZ9c9a5ZuHYf/czLYfh+z5Xpg==",
          "requires": {
            "babel-runtime": "6.26.0",
            "classnames": "2.2.5",
            "prop-types": "15.6.1",
            "rc-animate": "2.4.4",
            "rc-util": "4.5.0",
            "warning": "3.0.0"
          }
        }
      }
    },
    "rc-trigger": {
      "version": "2.3.4",
      "resolved": "https://registry.npmjs.org/rc-trigger/-/rc-trigger-2.3.4.tgz",
      "integrity": "sha512-xPhda3SfGWHywEbVJu2VxpWg99ELStzNPcdnxb7lZ9XwUnHjUeX9KCaIbJa9GUuoVHx3mQP1s2m3ttIB8aashQ==",
      "requires": {
        "babel-runtime": "6.26.0",
        "prop-types": "15.6.1",
        "rc-align": "2.3.6",
        "rc-animate": "2.4.4",
        "rc-util": "4.5.0"
      }
    },
    "rc-upload": {
      "version": "2.4.4",
      "resolved": "https://registry.npmjs.org/rc-upload/-/rc-upload-2.4.4.tgz",
      "integrity": "sha512-EQgGSFiqZWkQ93kC997c1Uan9VgMzJvlaUQt16PrHvmHw/boUs3M/lf0GhYlmpe7YSnN0jGpMNUcENUFwDVAHA==",
      "requires": {
        "babel-runtime": "6.26.0",
        "classnames": "2.2.5",
        "prop-types": "15.6.1",
        "warning": "2.1.0"
      },
      "dependencies": {
        "warning": {
          "version": "2.1.0",
          "resolved": "https://registry.npmjs.org/warning/-/warning-2.1.0.tgz",
          "integrity": "sha1-ISINnGOvx3qMkhEeARr3Bc4MaQE=",
          "requires": {
            "loose-envify": "1.3.1"
          }
        }
      }
    },
    "rc-util": {
      "version": "4.5.0",
      "resolved": "https://registry.npmjs.org/rc-util/-/rc-util-4.5.0.tgz",
      "integrity": "sha512-KYuFBBqxCFI8fb4Wva+X3fmAZpGPo4i9gTNdsVKldHVi3hrnv3VawF89CPndxfsV5QT3J+ic76X5c4erQETi1w==",
      "requires": {
        "add-dom-event-listener": "1.0.2",
        "babel-runtime": "6.26.0",
        "prop-types": "15.6.1",
        "shallowequal": "0.2.2"
      },
      "dependencies": {
        "shallowequal": {
          "version": "0.2.2",
          "resolved": "https://registry.npmjs.org/shallowequal/-/shallowequal-0.2.2.tgz",
          "integrity": "sha1-HjL9W8q2rWiKSBLLDMBO/HXHAU4=",
          "requires": {
            "lodash.keys": "3.1.2"
          }
        }
      }
    },
    "react-lazy-load": {
      "version": "3.0.13",
      "resolved": "https://registry.npmjs.org/react-lazy-load/-/react-lazy-load-3.0.13.tgz",
      "integrity": "sha1-OwqS0zbUPT8Nc8vm81sXBQsIuCQ=",
      "requires": {
        "eventlistener": "0.0.1",
        "lodash.debounce": "4.0.8",
        "lodash.throttle": "4.1.1",
        "prop-types": "15.6.1"
      }
    },
    "react-lifecycles-compat": {
      "version": "3.0.2",
      "resolved": "https://registry.npmjs.org/react-lifecycles-compat/-/react-lifecycles-compat-3.0.2.tgz",
      "integrity": "sha512-pbZOSMVVkvppW7XRn9fcHK5OgEDnYLwMva7P6TgS44/SN9uGGjfh3Z1c8tomO+y4IsHQ6Fsz2EGwmE7sMeNZgQ=="
    },
    "react-slick": {
      "version": "0.22.3",
      "resolved": "https://registry.npmjs.org/react-slick/-/react-slick-0.22.3.tgz",
      "integrity": "sha512-4u8/98/2BqdDkLSl3ovKlM+EamzAzAQlZozSZ7WIuw7TnlTFboFR/ntgU0JCnIRSeSj6S5pIa0gxXL8v5XSzfg==",
      "requires": {
        "can-use-dom": "0.1.0",
        "classnames": "2.2.5",
        "create-react-class": "15.6.3",
        "enquire.js": "2.1.6",
        "json2mq": "0.2.0",
        "resize-observer-polyfill": "1.5.0"
      }
    },
    "regenerator-runtime": {
      "version": "0.11.1",
      "resolved": "https://registry.npmjs.org/regenerator-runtime/-/regenerator-runtime-0.11.1.tgz",
      "integrity": "sha512-MguG95oij0fC3QV3URf4V2SDYGJhJnJGqvIIgdECeODCT98wSWDAJ94SSuVpYQUoTcGUIL6L4yNB7j1DFFHSBg=="
    },
    "resize-observer-polyfill": {
      "version": "1.5.0",
      "resolved": "https://registry.npmjs.org/resize-observer-polyfill/-/resize-observer-polyfill-1.5.0.tgz",
      "integrity": "sha512-M2AelyJDVR/oLnToJLtuDJRBBWUGUvvGigj1411hXhAdyFWqMaqHp7TixW3FpiLuVaikIcR1QL+zqoJoZlOgpg=="
    },
    "rmc-feedback": {
      "version": "1.0.4",
      "resolved": "https://registry.npmjs.org/rmc-feedback/-/rmc-feedback-1.0.4.tgz",
      "integrity": "sha512-cRrywsfsQlw92Uz7qKzBxtyO1w0GWcP5yy/S8sec/6mIUdCn86olQuhBMHxpIpHGcEIJ+J9lBjl3DOrBD0Plrw==",
      "requires": {
        "babel-runtime": "6.26.0",
        "classnames": "2.2.5"
      }
    },
    "safer-buffer": {
      "version": "2.1.2",
      "resolved": "https://registry.npmjs.org/safer-buffer/-/safer-buffer-2.1.2.tgz",
      "integrity": "sha512-YZo3K82SD7Riyi0E1EQPojLz7kpepnSQI9IyPbHHg1XXXevb5dJI7tpyN2ADxGcQbHG7vcyRHk0cbwqcQriUtg=="
    },
    "setimmediate": {
      "version": "1.0.5",
      "resolved": "https://registry.npmjs.org/setimmediate/-/setimmediate-1.0.5.tgz",
      "integrity": "sha1-KQy7Iy4waULX1+qbg3Mqt4VvgoU="
    },
    "shallow-equal": {
      "version": "1.0.0",
      "resolved": "https://registry.npmjs.org/shallow-equal/-/shallow-equal-1.0.0.tgz",
      "integrity": "sha1-UI0YOLPeWQq4dXsBGyXkMJAJRfc="
    },
    "shallowequal": {
      "version": "1.0.2",
      "resolved": "https://registry.npmjs.org/shallowequal/-/shallowequal-1.0.2.tgz",
      "integrity": "sha512-zlVXeVUKvo+HEv1e2KQF/csyeMKx2oHvatQ9l6XjCUj3agvC8XGf6R9HvIPDSmp8FNPvx7b5kaEJTRi7CqxtEw=="
    },
    "string-convert": {
      "version": "0.2.1",
      "resolved": "https://registry.npmjs.org/string-convert/-/string-convert-0.2.1.tgz",
      "integrity": "sha1-aYLMMEn7tM2F+LJFaLnZvznu/5c="
    },
    "ua-parser-js": {
      "version": "0.7.17",
      "resolved": "https://registry.npmjs.org/ua-parser-js/-/ua-parser-js-0.7.17.tgz",
      "integrity": "sha512-uRdSdu1oA1rncCQL7sCj8vSyZkgtL7faaw9Tc9rZ3mGgraQ7+Pdx7w5mnOSF3gw9ZNG6oc+KXfkon3bKuROm0g=="
    },
    "warning": {
      "version": "3.0.0",
      "resolved": "https://registry.npmjs.org/warning/-/warning-3.0.0.tgz",
      "integrity": "sha1-MuU3fLVy3kqwR1O9+IIcAe1gW3w=",
      "requires": {
        "loose-envify": "1.3.1"
      }
    },
    "whatwg-fetch": {
      "version": "2.0.4",
      "resolved": "https://registry.npmjs.org/whatwg-fetch/-/whatwg-fetch-2.0.4.tgz",
      "integrity": "sha512-dcQ1GWpOD/eEQ97k66aiEVpNnapVj90/+R+SXTPYGHpYBBypfKJEQjLrvMZ7YXbKm21gXd4NcuxUTjiv1YtLng=="
    }
  }
}
